
Microsoft Visual Studio Solution File, Format Version 12.00
# Visual Studio Version 17
VisualStudioVersion = 17.2.32630.192
MinimumVisualStudioVersion = 10.0.40219.1
Project("{9A19103F-16F7-4668-BE54-9A1E7A4F7556}") = "Sokoban", "Sokoban\Sokoban.csproj", "{73774EEF-BDAA-496B-8A26-63B8BAE1DAFB}"
EndProject
Global
	GlobalSection(SolutionConfigurationPlatforms) = preSolution
		Debug|Any CPU = Debug|Any CPU
		Release|Any CPU = Release|Any CPU
	EndGlobalSection
	GlobalSection(ProjectConfigurationPlatforms) = postSolution
		{73774EEF-BDAA-496B-8A26-63B8BAE1DAFB}.Debug|Any CPU.ActiveCfg = Debug|Any CPU
		{73774EEF-BDAA-496B-8A26-63B8BAE1DAFB}.Debug|Any CPU.Build.0 = Debug|Any CPU
		{73774EEF-BDAA-496B-8A26-63B8BAE1DAFB}.Release|Any CPU.ActiveCfg = Release|Any CPU
		{73774EEF-BDAA-496B-8A26-63B8BAE1DAFB}.Release|Any CPU.Build.0 = Release|Any CPU
	EndGlobalSection
	GlobalSection(SolutionProperties) = preSolution
		HideSolutionNode = FALSE
	EndGlobalSection
	GlobalSection(ExtensibilityGlobals) = postSolution
		SolutionGuid = {15618072-6C81-4F6F-91B4-C32F0FAC2413}
	EndGlobalSection
EndGlobal
